// !$*UTF8*$!
{
	archiveVersion = 1;
	classes = {
	};
	objectVersion = 50;
	objects = {

/* Begin PBXBuildFile section */
		69BE9FACEB2A770A4EA175DD /* Pods_WhatPet.framework in Frameworks */ = {isa = PBXBuildFile; fileRef = E58C6BB4C9C240AD3F092719 /* Pods_WhatPet.framework */; };
		763A3A612263E6E000CFC333 /* AppDelegate.swift in Sources */ = {isa = PBXBuildFile; fileRef = 763A3A602263E6E000CFC333 /* AppDelegate.swift */; };
		763A3A662263E6E000CFC333 /* Main.storyboard in Resources */ = {isa = PBXBuildFile; fileRef = 763A3A642263E6E000CFC333 /* Main.storyboard */; };
		763A3A682263E6E200CFC333 /* Assets.xcassets in Resources */ = {isa = PBXBuildFile; fileRef = 763A3A672263E6E200CFC333 /* Assets.xcassets */; };
		763A3A6B2263E6E200CFC333 /* LaunchScreen.storyboard in Resources */ = {isa = PBXBuildFile; fileRef = 763A3A692263E6E200CFC333 /* LaunchScreen.storyboard */; };
		763A3A752263E82600CFC333 /* VoteViewController.swift in Sources */ = {isa = PBXBuildFile; fileRef = 763A3A742263E82600CFC333 /* VoteViewController.swift */; };
		763A3A772263ED3900CFC333 /* PetCardApi.swift in Sources */ = {isa = PBXBuildFile; fileRef = 763A3A762263ED3900CFC333 /* PetCardApi.swift */; };
		7656044D2264A0DB008C97ED /* RealmProvider.swift in Sources */ = {isa = PBXBuildFile; fileRef = 7656044B2264A0DB008C97ED /* RealmProvider.swift */; };
		7656044E2264A0DB008C97ED /* RealmService.swift in Sources */ = {isa = PBXBuildFile; fileRef = 7656044C2264A0DB008C97ED /* RealmService.swift */; };
		765604532264A167008C97ED /* PetCard.swift in Sources */ = {isa = PBXBuildFile; fileRef = 765604522264A167008C97ED /* PetCard.swift */; };
		765604562264B959008C97ED /* UIImage+Gif.swift in Sources */ = {isa = PBXBuildFile; fileRef = 765604552264B959008C97ED /* UIImage+Gif.swift */; };
		765604592264CDE4008C97ED /* SwipeCardsView.swift in Sources */ = {isa = PBXBuildFile; fileRef = 765604582264CDE4008C97ED /* SwipeCardsView.swift */; };
		7656045B2264CEE5008C97ED /* SwipeCard.swift in Sources */ = {isa = PBXBuildFile; fileRef = 7656045A2264CEE5008C97ED /* SwipeCard.swift */; };
		766504F322648D6800F8D1CE /* CardView.swift in Sources */ = {isa = PBXBuildFile; fileRef = 766504F222648D6800F8D1CE /* CardView.swift */; };
		766504F52264941200F8D1CE /* CardView.xib in Resources */ = {isa = PBXBuildFile; fileRef = 766504F42264941200F8D1CE /* CardView.xib */; };
/* End PBXBuildFile section */

/* Begin PBXFileReference section */
		03FE1D528F658E3607B4FB97 /* Pods-WhatPet.release.xcconfig */ = {isa = PBXFileReference; includeInIndex = 1; lastKnownFileType = text.xcconfig; name = "Pods-WhatPet.release.xcconfig"; path = "Target Support Files/Pods-WhatPet/Pods-WhatPet.release.xcconfig"; sourceTree = "<group>"; };
		763A3A5D2263E6E000CFC333 /* WhatPet.app */ = {isa = PBXFileReference; explicitFileType = wrapper.application; includeInIndex = 0; path = WhatPet.app; sourceTree = BUILT_PRODUCTS_DIR; };
		763A3A602263E6E000CFC333 /* AppDelegate.swift */ = {isa = PBXFileReference; lastKnownFileType = sourcecode.swift; path = AppDelegate.swift; sourceTree = "<group>"; };
		763A3A652263E6E000CFC333 /* Base */ = {isa = PBXFileReference; lastKnownFileType = file.storyboard; name = Base; path = Base.lproj/Main.storyboard; sourceTree = "<group>"; };
		763A3A672263E6E200CFC333 /* Assets.xcassets */ = {isa = PBXFileReference; lastKnownFileType = folder.assetcatalog; path = Assets.xcassets; sourceTree = "<group>"; };
		763A3A6A2263E6E200CFC333 /* Base */ = {isa = PBXFileReference; lastKnownFileType = file.storyboard; name = Base; path = Base.lproj/LaunchScreen.storyboard; sourceTree = "<group>"; };
		763A3A6C2263E6E200CFC333 /* Info.plist */ = {isa = PBXFileReference; lastKnownFileType = text.plist.xml; path = Info.plist; sourceTree = "<group>"; };
		763A3A742263E82600CFC333 /* VoteViewController.swift */ = {isa = PBXFileReference; lastKnownFileType = sourcecode.swift; path = VoteViewController.swift; sourceTree = "<group>"; };
		763A3A762263ED3900CFC333 /* PetCardApi.swift */ = {isa = PBXFileReference; lastKnownFileType = sourcecode.swift; path = PetCardApi.swift; sourceTree = "<group>"; };
		7656044B2264A0DB008C97ED /* RealmProvider.swift */ = {isa = PBXFileReference; fileEncoding = 4; lastKnownFileType = sourcecode.swift; path = RealmProvider.swift; sourceTree = "<group>"; };
		7656044C2264A0DB008C97ED /* RealmService.swift */ = {isa = PBXFileReference; fileEncoding = 4; lastKnownFileType = sourcecode.swift; path = RealmService.swift; sourceTree = "<group>"; };
		765604522264A167008C97ED /* PetCard.swift */ = {isa = PBXFileReference; lastKnownFileType = sourcecode.swift; path = PetCard.swift; sourceTree = "<group>"; };
		765604552264B959008C97ED /* UIImage+Gif.swift */ = {isa = PBXFileReference; lastKnownFileType = sourcecode.swift; path = "UIImage+Gif.swift"; sourceTree = "<group>"; };
		765604582264CDE4008C97ED /* SwipeCardsView.swift */ = {isa = PBXFileReference; lastKnownFileType = sourcecode.swift; path = SwipeCardsView.swift; sourceTree = "<group>"; };
		7656045A2264CEE5008C97ED /* SwipeCard.swift */ = {isa = PBXFileReference; lastKnownFileType = sourcecode.swift; path = SwipeCard.swift; sourceTree = "<group>"; };
		766504F222648D6800F8D1CE /* CardView.swift */ = {isa = PBXFileReference; lastKnownFileType = sourcecode.swift; path = CardView.swift; sourceTree = "<group>"; };
		766504F42264941200F8D1CE /* CardView.xib */ = {isa = PBXFileReference; lastKnownFileType = file.xib; path = CardView.xib; sourceTree = "<group>"; };
		E58C6BB4C9C240AD3F092719 /* Pods_WhatPet.framework */ = {isa = PBXFileReference; explicitFileType = wrapper.framework; includeInIndex = 0; path = Pods_WhatPet.framework; sourceTree = BUILT_PRODUCTS_DIR; };
		EBE8BBBC6007EC0B7F405E87 /* Pods-WhatPet.debug.xcconfig */ = {isa = PBXFileReference; includeInIndex = 1; lastKnownFileType = text.xcconfig; name = "Pods-WhatPet.debug.xcconfig"; path = "Target Support Files/Pods-WhatPet/Pods-WhatPet.debug.xcconfig"; sourceTree = "<group>"; };
/* End PBXFileReference section */

/* Begin PBXFrameworksBuildPhase section */
		763A3A5A2263E6E000CFC333 /* Frameworks */ = {
			isa = PBXFrameworksBuildPhase;
			buildActionMask = 2147483647;
			files = (
				69BE9FACEB2A770A4EA175DD /* Pods_WhatPet.framework in Frameworks */,
			);
			runOnlyForDeploymentPostprocessing = 0;
		};
/* End PBXFrameworksBuildPhase section */

/* Begin PBXGroup section */
		763A3A542263E6E000CFC333 = {
			isa = PBXGroup;
			children = (
				763A3A5F2263E6E000CFC333 /* WhatPet */,
				763A3A5E2263E6E000CFC333 /* Products */,
				876D15B24D9219E464655B45 /* Pods */,
				E7E69EA65238D19604F64FBA /* Frameworks */,
			);
			sourceTree = "<group>";
		};
		763A3A5E2263E6E000CFC333 /* Products */ = {
			isa = PBXGroup;
			children = (
				763A3A5D2263E6E000CFC333 /* WhatPet.app */,
			);
			name = Products;
			sourceTree = "<group>";
		};
		763A3A5F2263E6E000CFC333 /* WhatPet */ = {
			isa = PBXGroup;
			children = (
				765604542264B939008C97ED /* extensions */,
				766504F822649F8100F8D1CE /* realm */,
				763A3A722263E80E00CFC333 /* scene */,
				763A3A602263E6E000CFC333 /* AppDelegate.swift */,
				763A3A642263E6E000CFC333 /* Main.storyboard */,
				763A3A672263E6E200CFC333 /* Assets.xcassets */,
				763A3A692263E6E200CFC333 /* LaunchScreen.storyboard */,
				763A3A6C2263E6E200CFC333 /* Info.plist */,
			);
			path = WhatPet;
			sourceTree = "<group>";
		};
		763A3A722263E80E00CFC333 /* scene */ = {
			isa = PBXGroup;
			children = (
				763A3A732263E81400CFC333 /* vote */,
			);
			path = scene;
			sourceTree = "<group>";
		};
		763A3A732263E81400CFC333 /* vote */ = {
			isa = PBXGroup;
			children = (
				765604572264CDBA008C97ED /* swipeEngine */,
				766504F122648CDC00F8D1CE /* cardview */,
				763A3A742263E82600CFC333 /* VoteViewController.swift */,
				763A3A762263ED3900CFC333 /* PetCardApi.swift */,
			);
			path = vote;
			sourceTree = "<group>";
		};
		7656044F2264A12A008C97ED /* objects */ = {
			isa = PBXGroup;
			children = (
				765604522264A167008C97ED /* PetCard.swift */,
			);
			path = objects;
			sourceTree = "<group>";
		};
		765604542264B939008C97ED /* extensions */ = {
			isa = PBXGroup;
			children = (
				765604552264B959008C97ED /* UIImage+Gif.swift */,
			);
			path = extensions;
			sourceTree = "<group>";
		};
		765604572264CDBA008C97ED /* swipeEngine */ = {
			isa = PBXGroup;
			children = (
				765604582264CDE4008C97ED /* SwipeCardsView.swift */,
				7656045A2264CEE5008C97ED /* SwipeCard.swift */,
			);
			path = swipeEngine;
			sourceTree = "<group>";
		};
		766504F122648CDC00F8D1CE /* cardview */ = {
			isa = PBXGroup;
			children = (
				766504F222648D6800F8D1CE /* CardView.swift */,
				766504F42264941200F8D1CE /* CardView.xib */,
			);
			path = cardview;
			sourceTree = "<group>";
		};
		766504F822649F8100F8D1CE /* realm */ = {
			isa = PBXGroup;
			children = (
				7656044F2264A12A008C97ED /* objects */,
				7656044B2264A0DB008C97ED /* RealmProvider.swift */,
				7656044C2264A0DB008C97ED /* RealmService.swift */,
			);
			path = realm;
			sourceTree = "<group>";
		};
		876D15B24D9219E464655B45 /* Pods */ = {
			isa = PBXGroup;
			children = (
				EBE8BBBC6007EC0B7F405E87 /* Pods-WhatPet.debug.xcconfig */,
				03FE1D528F658E3607B4FB97 /* Pods-WhatPet.release.xcconfig */,
			);
			path = Pods;
			sourceTree = "<group>";
		};
		E7E69EA65238D19604F64FBA /* Frameworks */ = {
			isa = PBXGroup;
			children = (
				E58C6BB4C9C240AD3F092719 /* Pods_WhatPet.framework */,
			);
			name = Frameworks;
			sourceTree = "<group>";
		};
/* End PBXGroup section */

/* Begin PBXNativeTarget section */
		763A3A5C2263E6E000CFC333 /* WhatPet */ = {
			isa = PBXNativeTarget;
			buildConfigurationList = 763A3A6F2263E6E200CFC333 /* Build configuration list for PBXNativeTarget "WhatPet" */;
			buildPhases = (
				9964DE6EFC841E85C8879DB9 /* [CP] Check Pods Manifest.lock */,
				763A3A592263E6E000CFC333 /* Sources */,
				763A3A5A2263E6E000CFC333 /* Frameworks */,
				763A3A5B2263E6E000CFC333 /* Resources */,
				5ECCD678A3D64CF8167270E2 /* [CP] Embed Pods Frameworks */,
			);
			buildRules = (
			);
			dependencies = (
			);
			name = WhatPet;
			productName = WhatPet;
			productReference = 763A3A5D2263E6E000CFC333 /* WhatPet.app */;
			productType = "com.apple.product-type.application";
		};
/* End PBXNativeTarget section */

/* Begin PBXProject section */
		763A3A552263E6E000CFC333 /* Project object */ = {
			isa = PBXProject;
			attributes = {
				LastSwiftUpdateCheck = 1020;
				LastUpgradeCheck = 1020;
				ORGANIZATIONNAME = "Cristian Spiridon";
				TargetAttributes = {
					763A3A5C2263E6E000CFC333 = {
						CreatedOnToolsVersion = 10.2;
					};
				};
			};
			buildConfigurationList = 763A3A582263E6E000CFC333 /* Build configuration list for PBXProject "WhatPet" */;
			compatibilityVersion = "Xcode 9.3";
			developmentRegion = en;
			hasScannedForEncodings = 0;
			knownRegions = (
				en,
				Base,
			);
			mainGroup = 763A3A542263E6E000CFC333;
			productRefGroup = 763A3A5E2263E6E000CFC333 /* Products */;
			projectDirPath = "";
			projectRoot = "";
			targets = (
				763A3A5C2263E6E000CFC333 /* WhatPet */,
			);
		};
/* End PBXProject section */

/* Begin PBXResourcesBuildPhase section */
		763A3A5B2263E6E000CFC333 /* Resources */ = {
			isa = PBXResourcesBuildPhase;
			buildActionMask = 2147483647;
			files = (
				763A3A6B2263E6E200CFC333 /* LaunchScreen.storyboard in Resources */,
				763A3A682263E6E200CFC333 /* Assets.xcassets in Resources */,
				766504F52264941200F8D1CE /* CardView.xib in Resources */,
				763A3A662263E6E000CFC333 /* Main.storyboard in Resources */,
			);
			runOnlyForDeploymentPostprocessing = 0;
		};
/* End PBXResourcesBuildPhase section */

/* Begin PBXShellScriptBuildPhase section */
		5ECCD678A3D64CF8167270E2 /* [CP] Embed Pods Frameworks */ = {
			isa = PBXShellScriptBuildPhase;
			buildActionMask = 2147483647;
			files = (
			);
			inputFileListPaths = (
			);
			inputPaths = (
				"${PODS_ROOT}/Target Support Files/Pods-WhatPet/Pods-WhatPet-frameworks.sh",
				"${BUILT_PRODUCTS_DIR}/Realm/Realm.framework",
				"${BUILT_PRODUCTS_DIR}/RealmSwift/RealmSwift.framework",
			);
			name = "[CP] Embed Pods Frameworks";
			outputFileListPaths = (
			);
			outputPaths = (
				"${TARGET_BUILD_DIR}/${FRAMEWORKS_FOLDER_PATH}/Realm.framework",
				"${TARGET_BUILD_DIR}/${FRAMEWORKS_FOLDER_PATH}/RealmSwift.framework",
			);
			runOnlyForDeploymentPostprocessing = 0;
			shellPath = /bin/sh;
			shellScript = "\"${PODS_ROOT}/Target Support Files/Pods-WhatPet/Pods-WhatPet-frameworks.sh\"\n";
			showEnvVarsInLog = 0;
		};
		9964DE6EFC841E85C8879DB9 /* [CP] Check Pods Manifest.lock */ = {
			isa = PBXShellScriptBuildPhase;
			buildActionMask = 2147483647;
			files = (
			);
			inputFileListPaths = (
			);
			inputPaths = (
				"${PODS_PODFILE_DIR_PATH}/Podfile.lock",
				"${PODS_ROOT}/Manifest.lock",
			);
			name = "[CP] Check Pods Manifest.lock";
			outputFileListPaths = (
			);
			outputPaths = (
				"$(DERIVED_FILE_DIR)/Pods-WhatPet-checkManifestLockResult.txt",
			);
			runOnlyForDeploymentPostprocessing = 0;
			shellPath = /bin/sh;
			shellScript = "diff \"${PODS_PODFILE_DIR_PATH}/Podfile.lock\" \"${PODS_ROOT}/Manifest.lock\" > /dev/null\nif [ $? != 0 ] ; then\n    # print error to STDERR\n    echo \"error: The sandbox is not in sync with the Podfile.lock. Run 'pod install' or update your CocoaPods installation.\" >&2\n    exit 1\nfi\n# This output is used by Xcode 'outputs' to avoid re-running this script phase.\necho \"SUCCESS\" > \"${SCRIPT_OUTPUT_FILE_0}\"\n";
			showEnvVarsInLog = 0;
		};
/* End PBXShellScriptBuildPhase section */

/* Begin PBXSourcesBuildPhase section */
		763A3A592263E6E000CFC333 /* Sources */ = {
			isa = PBXSourcesBuildPhase;
			buildActionMask = 2147483647;
			files = (
				763A3A752263E82600CFC333 /* VoteViewController.swift in Sources */,
				765604532264A167008C97ED /* PetCard.swift in Sources */,
				7656044E2264A0DB008C97ED /* RealmService.swift in Sources */,
				765604592264CDE4008C97ED /* SwipeCardsView.swift in Sources */,
				763A3A612263E6E000CFC333 /* AppDelegate.swift in Sources */,
				766504F322648D6800F8D1CE /* CardView.swift in Sources */,
				763A3A772263ED3900CFC333 /* PetCardApi.swift in Sources */,
				765604562264B959008C97ED /* UIImage+Gif.swift in Sources */,
				7656045B2264CEE5008C97ED /* SwipeCard.swift in Sources */,
				7656044D2264A0DB008C97ED /* RealmProvider.swift in Sources */,
			);
			runOnlyForDeploymentPostprocessing = 0;
		};
/* End PBXSourcesBuildPhase section */

/* Begin PBXVariantGroup section */
		763A3A642263E6E000CFC333 /* Main.storyboard */ = {
			isa = PBXVariantGroup;
			children = (
				763A3A652263E6E000CFC333 /* Base */,
			);
			name = Main.storyboard;
			sourceTree = "<group>";
		};
		763A3A692263E6E200CFC333 /* LaunchScreen.storyboard */ = {
			isa = PBXVariantGroup;
			children = (
				763A3A6A2263E6E200CFC333 /* Base */,
			);
			name = LaunchScreen.storyboard;
			sourceTree = "<group>";
		};
/* End PBXVariantGroup section */

/* Begin XCBuildConfiguration section */
		763A3A6D2263E6E200CFC333 /* Debug */ = {
			isa = XCBuildConfiguration;
			buildSettings = {
				ALWAYS_SEARCH_USER_PATHS = NO;
				CLANG_ANALYZER_NONNULL = YES;
				CLANG_ANALYZER_NUMBER_OBJECT_CONVERSION = YES_AGGRESSIVE;
				CLANG_CXX_LANGUAGE_STANDARD = "gnu++14";
				CLANG_CXX_LIBRARY = "libc++";
				CLANG_ENABLE_MODULES = YES;
				CLANG_ENABLE_OBJC_ARC = YES;
				CLANG_ENABLE_OBJC_WEAK = YES;
				CLANG_WARN_BLOCK_CAPTURE_AUTORELEASING = YES;
				CLANG_WARN_BOOL_CONVERSION = YES;
				CLANG_WARN_COMMA = YES;
				CLANG_WARN_CONSTANT_CONVERSION = YES;
				CLANG_WARN_DEPRECATED_OBJC_IMPLEMENTATIONS = YES;
				CLANG_WARN_DIRECT_OBJC_ISA_USAGE = YES_ERROR;
				CLANG_WARN_DOCUMENTATION_COMMENTS = YES;
				CLANG_WARN_EMPTY_BODY = YES;
				CLANG_WARN_ENUM_CONVERSION = YES;
				CLANG_WARN_INFINITE_RECURSION = YES;
				CLANG_WARN_INT_CONVERSION = YES;
				CLANG_WARN_NON_LITERAL_NULL_CONVERSION = YES;
				CLANG_WARN_OBJC_IMPLICIT_RETAIN_SELF = YES;
				CLANG_WARN_OBJC_LITERAL_CONVERSION = YES;
				CLANG_WARN_OBJC_ROOT_CLASS = YES_ERROR;
				CLANG_WARN_RANGE_LOOP_ANALYSIS = YES;
				CLANG_WARN_STRICT_PROTOTYPES = YES;
				CLANG_WARN_SUSPICIOUS_MOVE = YES;
				CLANG_WARN_UNGUARDED_AVAILABILITY = YES_AGGRESSIVE;
				CLANG_WARN_UNREACHABLE_CODE = YES;
				CLANG_WARN__DUPLICATE_METHOD_MATCH = YES;
				CODE_SIGN_IDENTITY = "iPhone Developer";
				COPY_PHASE_STRIP = NO;
				DEBUG_INFORMATION_FORMAT = dwarf;
				ENABLE_STRICT_OBJC_MSGSEND = YES;
				ENABLE_TESTABILITY = YES;
				GCC_C_LANGUAGE_STANDARD = gnu11;
				GCC_DYNAMIC_NO_PIC = NO;
				GCC_NO_COMMON_BLOCKS = YES;
				GCC_OPTIMIZATION_LEVEL = 0;
				GCC_PREPROCESSOR_DEFINITIONS = (
					"DEBUG=1",
					"$(inherited)",
				);
				GCC_WARN_64_TO_32_BIT_CONVERSION = YES;
				GCC_WARN_ABOUT_RETURN_TYPE = YES_ERROR;
				GCC_WARN_UNDECLARED_SELECTOR = YES;
				GCC_WARN_UNINITIALIZED_AUTOS = YES_AGGRESSIVE;
				GCC_WARN_UNUSED_FUNCTION = YES;
				GCC_WARN_UNUSED_VARIABLE = YES;
				IPHONEOS_DEPLOYMENT_TARGET = 12.2;
				MTL_ENABLE_DEBUG_INFO = INCLUDE_SOURCE;
				MTL_FAST_MATH = YES;
				ONLY_ACTIVE_ARCH = YES;
				SDKROOT = iphoneos;
				SWIFT_ACTIVE_COMPILATION_CONDITIONS = DEBUG;
				SWIFT_OPTIMIZATION_LEVEL = "-Onone";
			};
			name = Debug;
		};
		763A3A6E2263E6E200CFC333 /* Release */ = {
			isa = XCBuildConfiguration;
			buildSettings = {
				ALWAYS_SEARCH_USER_PATHS = NO;
				CLANG_ANALYZER_NONNULL = YES;
				CLANG_ANALYZER_NUMBER_OBJECT_CONVERSION = YES_AGGRESSIVE;
				CLANG_CXX_LANGUAGE_STANDARD = "gnu++14";
				CLANG_CXX_LIBRARY = "libc++";
				CLANG_ENABLE_MODULES = YES;
				CLANG_ENABLE_OBJC_ARC = YES;
				CLANG_ENABLE_OBJC_WEAK = YES;
				CLANG_WARN_BLOCK_CAPTURE_AUTORELEASING = YES;
				CLANG_WARN_BOOL_CONVERSION = YES;
				CLANG_WARN_COMMA = YES;
				CLANG_WARN_CONSTANT_CONVERSION = YES;
				CLANG_WARN_DEPRECATED_OBJC_IMPLEMENTATIONS = YES;
				CLANG_WARN_DIRECT_OBJC_ISA_USAGE = YES_ERROR;
				CLANG_WARN_DOCUMENTATION_COMMENTS = YES;
				CLANG_WARN_EMPTY_BODY = YES;
				CLANG_WARN_ENUM_CONVERSION = YES;
				CLANG_WARN_INFINITE_RECURSION = YES;
				CLANG_WARN_INT_CONVERSION = YES;
				CLANG_WARN_NON_LITERAL_NULL_CONVERSION = YES;
				CLANG_WARN_OBJC_IMPLICIT_RETAIN_SELF = YES;
				CLANG_WARN_OBJC_LITERAL_CONVERSION = YES;
				CLANG_WARN_OBJC_ROOT_CLASS = YES_ERROR;
				CLANG_WARN_RANGE_LOOP_ANALYSIS = YES;
				CLANG_WARN_STRICT_PROTOTYPES = YES;
				CLANG_WARN_SUSPICIOUS_MOVE = YES;
				CLANG_WARN_UNGUARDED_AVAILABILITY = YES_AGGRESSIVE;
				CLANG_WARN_UNREACHABLE_CODE = YES;
				CLANG_WARN__DUPLICATE_METHOD_MATCH = YES;
				CODE_SIGN_IDENTITY = "iPhone Developer";
				COPY_PHASE_STRIP = NO;
				DEBUG_INFORMATION_FORMAT = "dwarf-with-dsym";
				ENABLE_NS_ASSERTIONS = NO;
				ENABLE_STRICT_OBJC_MSGSEND = YES;
				GCC_C_LANGUAGE_STANDARD = gnu11;
				GCC_NO_COMMON_BLOCKS = YES;
				GCC_WARN_64_TO_32_BIT_CONVERSION = YES;
				GCC_WARN_ABOUT_RETURN_TYPE = YES_ERROR;
				GCC_WARN_UNDECLARED_SELECTOR = YES;
				GCC_WARN_UNINITIALIZED_AUTOS = YES_AGGRESSIVE;
				GCC_WARN_UNUSED_FUNCTION = YES;
				GCC_WARN_UNUSED_VARIABLE = YES;
				IPHONEOS_DEPLOYMENT_TARGET = 12.2;
				MTL_ENABLE_DEBUG_INFO = NO;
				MTL_FAST_MATH = YES;
				SDKROOT = iphoneos;
				SWIFT_COMPILATION_MODE = wholemodule;
				SWIFT_OPTIMIZATION_LEVEL = "-O";
				VALIDATE_PRODUCT = YES;
			};
			name = Release;
		};
		763A3A702263E6E200CFC333 /* Debug */ = {
			isa = XCBuildConfiguration;
			baseConfigurationReference = EBE8BBBC6007EC0B7F405E87 /* Pods-WhatPet.debug.xcconfig */;
			buildSettings = {
				ASSETCATALOG_COMPILER_APPICON_NAME = AppIcon;
				CODE_SIGN_STYLE = Automatic;
				DEVELOPMENT_TEAM = G825A7PJLQ;
				INFOPLIST_FILE = WhatPet/Info.plist;
				LD_RUNPATH_SEARCH_PATHS = (
					"$(inherited)",
					"@executable_path/Frameworks",
				);
				PRODUCT_BUNDLE_IDENTIFIER = com.digitalinsomnia.WhatPet;
				PRODUCT_NAME = "$(TARGET_NAME)";
				SWIFT_VERSION = 5.0;
				TARGETED_DEVICE_FAMILY = "1,2";
			};
			name = Debug;
		};
		763A3A712263E6E200CFC333 /* Release */ = {
			isa = XCBuildConfiguration;
			baseConfigurationReference = 03FE1D528F658E3607B4FB97 /* Pods-WhatPet.release.xcconfig */;
			buildSettings = {
				ASSETCATALOG_COMPILER_APPICON_NAME = AppIcon;
				CODE_SIGN_STYLE = Automatic;
				DEVELOPMENT_TEAM = G825A7PJLQ;
				INFOPLIST_FILE = WhatPet/Info.plist;
				LD_RUNPATH_SEARCH_PATHS = (
					"$(inherited)",
					"@executable_path/Frameworks",
				);
				PRODUCT_BUNDLE_IDENTIFIER = com.digitalinsomnia.WhatPet;
				PRODUCT_NAME = "$(TARGET_NAME)";
				SWIFT_VERSION = 5.0;
				TARGETED_DEVICE_FAMILY = "1,2";
			};
			name = Release;
		};
/* End XCBuildConfiguration section */

/* Begin XCConfigurationList section */
		763A3A582263E6E000CFC333 /* Build configuration list for PBXProject "WhatPet" */ = {
			isa = XCConfigurationList;
			buildConfigurations = (
				763A3A6D2263E6E200CFC333 /* Debug */,
				763A3A6E2263E6E200CFC333 /* Release */,
			);
			defaultConfigurationIsVisible = 0;
			defaultConfigurationName = Release;
		};
		763A3A6F2263E6E200CFC333 /* Build configuration list for PBXNativeTarget "WhatPet" */ = {
			isa = XCConfigurationList;
			buildConfigurations = (
				763A3A702263E6E200CFC333 /* Debug */,
				763A3A712263E6E200CFC333 /* Release */,
			);
			defaultConfigurationIsVisible = 0;
			defaultConfigurationName = Release;
		};
/* End XCConfigurationList section */
	};
	rootObject = 763A3A552263E6E000CFC333 /* Project object */;
}
